// !$*UTF8*$!
{
	archiveVersion = 1;
	classes = {
	};
	objectVersion = 50;
	objects = {

/* Begin PBXBuildFile section */
		771B043A22F2BA6F00486D87 /* AppDelegate.swift in Sources */ = {isa = PBXBuildFile; fileRef = 771B043922F2BA6F00486D87 /* AppDelegate.swift */; };
		771B043C22F2BA6F00486D87 /* SceneDelegate.swift in Sources */ = {isa = PBXBuildFile; fileRef = 771B043B22F2BA6F00486D87 /* SceneDelegate.swift */; };
		771B043E22F2BA6F00486D87 /* ViewController.swift in Sources */ = {isa = PBXBuildFile; fileRef = 771B043D22F2BA6F00486D87 /* ViewController.swift */; };
		771B044122F2BA6F00486D87 /* Main.storyboard in Resources */ = {isa = PBXBuildFile; fileRef = 771B043F22F2BA6F00486D87 /* Main.storyboard */; };
		771B044322F2BA7000486D87 /* Assets.xcassets in Resources */ = {isa = PBXBuildFile; fileRef = 771B044222F2BA7000486D87 /* Assets.xcassets */; };
		771B044622F2BA7000486D87 /* LaunchScreen.storyboard in Resources */ = {isa = PBXBuildFile; fileRef = 771B044422F2BA7000486D87 /* LaunchScreen.storyboard */; };
		778079B622F851FA00268BCB /* ResultViewController.swift in Sources */ = {isa = PBXBuildFile; fileRef = 778079B522F851FA00268BCB /* ResultViewController.swift */; };
/* End PBXBuildFile section */

/* Begin PBXFileReference section */
		771B043622F2BA6F00486D87 /* DocScanner.app */ = {isa = PBXFileReference; explicitFileType = wrapper.application; includeInIndex = 0; path = DocScanner.app; sourceTree = BUILT_PRODUCTS_DIR; };
		771B043922F2BA6F00486D87 /* AppDelegate.swift */ = {isa = PBXFileReference; lastKnownFileType = sourcecode.swift; path = AppDelegate.swift; sourceTree = "<group>"; };
		771B043B22F2BA6F00486D87 /* SceneDelegate.swift */ = {isa = PBXFileReference; lastKnownFileType = sourcecode.swift; path = SceneDelegate.swift; sourceTree = "<group>"; };
		771B043D22F2BA6F00486D87 /* ViewController.swift */ = {isa = PBXFileReference; lastKnownFileType = sourcecode.swift; path = ViewController.swift; sourceTree = "<group>"; };
		771B044022F2BA6F00486D87 /* Base */ = {isa = PBXFileReference; lastKnownFileType = file.storyboard; name = Base; path = Base.lproj/Main.storyboard; sourceTree = "<group>"; };
		771B044222F2BA7000486D87 /* Assets.xcassets */ = {isa = PBXFileReference; lastKnownFileType = folder.assetcatalog; path = Assets.xcassets; sourceTree = "<group>"; };
		771B044522F2BA7000486D87 /* Base */ = {isa = PBXFileReference; lastKnownFileType = file.storyboard; name = Base; path = Base.lproj/LaunchScreen.storyboard; sourceTree = "<group>"; };
		771B044722F2BA7000486D87 /* Info.plist */ = {isa = PBXFileReference; lastKnownFileType = text.plist.xml; path = Info.plist; sourceTree = "<group>"; };
		778079B522F851FA00268BCB /* ResultViewController.swift */ = {isa = PBXFileReference; lastKnownFileType = sourcecode.swift; path = ResultViewController.swift; sourceTree = "<group>"; };
		77AFDA2922F2BB010050CFD6 /* DocScanner-Bridging-Header.h */ = {isa = PBXFileReference; lastKnownFileType = sourcecode.c.h; path = "DocScanner-Bridging-Header.h"; sourceTree = "<group>"; };
/* End PBXFileReference section */

/* Begin PBXFrameworksBuildPhase section */
		771B043322F2BA6F00486D87 /* Frameworks */ = {
			isa = PBXFrameworksBuildPhase;
			buildActionMask = 2147483647;
			files = (
			);
			runOnlyForDeploymentPostprocessing = 0;
		};
/* End PBXFrameworksBuildPhase section */

/* Begin PBXGroup section */
		771B042D22F2BA6F00486D87 = {
			isa = PBXGroup;
			children = (
				771B043822F2BA6F00486D87 /* DocScanner */,
				771B043722F2BA6F00486D87 /* Products */,
			);
			sourceTree = "<group>";
		};
		771B043722F2BA6F00486D87 /* Products */ = {
			isa = PBXGroup;
			children = (
				771B043622F2BA6F00486D87 /* DocScanner.app */,
			);
			name = Products;
			sourceTree = "<group>";
		};
		771B043822F2BA6F00486D87 /* DocScanner */ = {
			isa = PBXGroup;
			children = (
				771B043922F2BA6F00486D87 /* AppDelegate.swift */,
				771B043B22F2BA6F00486D87 /* SceneDelegate.swift */,
				771B043D22F2BA6F00486D87 /* ViewController.swift */,
				771B043F22F2BA6F00486D87 /* Main.storyboard */,
				771B044222F2BA7000486D87 /* Assets.xcassets */,
				771B044422F2BA7000486D87 /* LaunchScreen.storyboard */,
				771B044722F2BA7000486D87 /* Info.plist */,
				77AFDA2922F2BB010050CFD6 /* DocScanner-Bridging-Header.h */,
				778079B522F851FA00268BCB /* ResultViewController.swift */,
			);
			path = DocScanner;
			sourceTree = "<group>";
		};
/* End PBXGroup section */

/* Begin PBXNativeTarget section */
		771B043522F2BA6F00486D87 /* DocScanner */ = {
			isa = PBXNativeTarget;
			buildConfigurationList = 771B044A22F2BA7000486D87 /* Build configuration list for PBXNativeTarget "DocScanner" */;
			buildPhases = (
				771B043222F2BA6F00486D87 /* Sources */,
				771B043322F2BA6F00486D87 /* Frameworks */,
				771B043422F2BA6F00486D87 /* Resources */,
			);
			buildRules = (
			);
			dependencies = (
			);
			name = DocScanner;
			productName = DocScanner;
			productReference = 771B043622F2BA6F00486D87 /* DocScanner.app */;
			productType = "com.apple.product-type.application";
		};
/* End PBXNativeTarget section */

/* Begin PBXProject section */
		771B042E22F2BA6F00486D87 /* Project object */ = {
			isa = PBXProject;
			attributes = {
				LastSwiftUpdateCheck = 1100;
				LastUpgradeCheck = 1100;
				ORGANIZATIONNAME = "Mallow Technologies private limited";
				TargetAttributes = {
					771B043522F2BA6F00486D87 = {
						CreatedOnToolsVersion = 11.0;
					};
				};
			};
			buildConfigurationList = 771B043122F2BA6F00486D87 /* Build configuration list for PBXProject "DocScanner" */;
			compatibilityVersion = "Xcode 9.3";
			developmentRegion = en;
			hasScannedForEncodings = 0;
			knownRegions = (
				en,
				Base,
			);
			mainGroup = 771B042D22F2BA6F00486D87;
			productRefGroup = 771B043722F2BA6F00486D87 /* Products */;
			projectDirPath = "";
			projectRoot = "";
			targets = (
				771B043522F2BA6F00486D87 /* DocScanner */,
			);
		};
/* End PBXProject section */

/* Begin PBXResourcesBuildPhase section */
		771B043422F2BA6F00486D87 /* Resources */ = {
			isa = PBXResourcesBuildPhase;
			buildActionMask = 2147483647;
			files = (
				771B044622F2BA7000486D87 /* LaunchScreen.storyboard in Resources */,
				771B044322F2BA7000486D87 /* Assets.xcassets in Resources */,
				771B044122F2BA6F00486D87 /* Main.storyboard in Resources */,
			);
			runOnlyForDeploymentPostprocessing = 0;
		};
/* End PBXResourcesBuildPhase section */

/* Begin PBXSourcesBuildPhase section */
		771B043222F2BA6F00486D87 /* Sources */ = {
			isa = PBXSourcesBuildPhase;
			buildActionMask = 2147483647;
			files = (
				771B043E22F2BA6F00486D87 /* ViewController.swift in Sources */,
				771B043A22F2BA6F00486D87 /* AppDelegate.swift in Sources */,
				771B043C22F2BA6F00486D87 /* SceneDelegate.swift in Sources */,
				778079B622F851FA00268BCB /* ResultViewController.swift in Sources */,
			);
			runOnlyForDeploymentPostprocessing = 0;
		};
/* End PBXSourcesBuildPhase section */

/* Begin PBXVariantGroup section */
		771B043F22F2BA6F00486D87 /* Main.storyboard */ = {
			isa = PBXVariantGroup;
			children = (
				771B044022F2BA6F00486D87 /* Base */,
			);
			name = Main.storyboard;
			sourceTree = "<group>";
		};
		771B044422F2BA7000486D87 /* LaunchScreen.storyboard */ = {
			isa = PBXVariantGroup;
			children = (
				771B044522F2BA7000486D87 /* Base */,
			);
			name = LaunchScreen.storyboard;
			sourceTree = "<group>";
		};
/* End PBXVariantGroup section */

/* Begin XCBuildConfiguration section */
		771B044822F2BA7000486D87 /* Debug */ = {
			isa = XCBuildConfiguration;
			buildSettings = {
				ALWAYS_SEARCH_USER_PATHS = NO;
				CLANG_ANALYZER_NONNULL = YES;
				CLANG_ANALYZER_NUMBER_OBJECT_CONVERSION = YES_AGGRESSIVE;
				CLANG_CXX_LANGUAGE_STANDARD = "gnu++14";
				CLANG_CXX_LIBRARY = "libc++";
				CLANG_ENABLE_MODULES = YES;
				CLANG_ENABLE_OBJC_ARC = YES;
				CLANG_ENABLE_OBJC_WEAK = YES;
				CLANG_WARN_BLOCK_CAPTURE_AUTORELEASING = YES;
				CLANG_WARN_BOOL_CONVERSION = YES;
				CLANG_WARN_COMMA = YES;
				CLANG_WARN_CONSTANT_CONVERSION = YES;
				CLANG_WARN_DEPRECATED_OBJC_IMPLEMENTATIONS = YES;
				CLANG_WARN_DIRECT_OBJC_ISA_USAGE = YES_ERROR;
				CLANG_WARN_DOCUMENTATION_COMMENTS = YES;
				CLANG_WARN_EMPTY_BODY = YES;
				CLANG_WARN_ENUM_CONVERSION = YES;
				CLANG_WARN_INFINITE_RECURSION = YES;
				CLANG_WARN_INT_CONVERSION = YES;
				CLANG_WARN_NON_LITERAL_NULL_CONVERSION = YES;
				CLANG_WARN_OBJC_IMPLICIT_RETAIN_SELF = YES;
				CLANG_WARN_OBJC_LITERAL_CONVERSION = YES;
				CLANG_WARN_OBJC_ROOT_CLASS = YES_ERROR;
				CLANG_WARN_RANGE_LOOP_ANALYSIS = YES;
				CLANG_WARN_STRICT_PROTOTYPES = YES;
				CLANG_WARN_SUSPICIOUS_MOVE = YES;
				CLANG_WARN_UNGUARDED_AVAILABILITY = YES_AGGRESSIVE;
				CLANG_WARN_UNREACHABLE_CODE = YES;
				CLANG_WARN__DUPLICATE_METHOD_MATCH = YES;
				COPY_PHASE_STRIP = NO;
				DEBUG_INFORMATION_FORMAT = dwarf;
				ENABLE_STRICT_OBJC_MSGSEND = YES;
				ENABLE_TESTABILITY = YES;
				GCC_C_LANGUAGE_STANDARD = gnu11;
				GCC_DYNAMIC_NO_PIC = NO;
				GCC_NO_COMMON_BLOCKS = YES;
				GCC_OPTIMIZATION_LEVEL = 0;
				GCC_PREPROCESSOR_DEFINITIONS = (
					"DEBUG=1",
					"$(inherited)",
				);
				GCC_WARN_64_TO_32_BIT_CONVERSION = YES;
				GCC_WARN_ABOUT_RETURN_TYPE = YES_ERROR;
				GCC_WARN_UNDECLARED_SELECTOR = YES;
				GCC_WARN_UNINITIALIZED_AUTOS = YES_AGGRESSIVE;
				GCC_WARN_UNUSED_FUNCTION = YES;
				GCC_WARN_UNUSED_VARIABLE = YES;
				IPHONEOS_DEPLOYMENT_TARGET = 13.0;
				MTL_ENABLE_DEBUG_INFO = INCLUDE_SOURCE;
				MTL_FAST_MATH = YES;
				ONLY_ACTIVE_ARCH = YES;
				SDKROOT = iphoneos;
				SWIFT_ACTIVE_COMPILATION_CONDITIONS = DEBUG;
				SWIFT_OPTIMIZATION_LEVEL = "-Onone";
			};
			name = Debug;
		};
		771B044922F2BA7000486D87 /* Release */ = {
			isa = XCBuildConfiguration;
			buildSettings = {
				ALWAYS_SEARCH_USER_PATHS = NO;
				CLANG_ANALYZER_NONNULL = YES;
				CLANG_ANALYZER_NUMBER_OBJECT_CONVERSION = YES_AGGRESSIVE;
				CLANG_CXX_LANGUAGE_STANDARD = "gnu++14";
				CLANG_CXX_LIBRARY = "libc++";
				CLANG_ENABLE_MODULES = YES;
				CLANG_ENABLE_OBJC_ARC = YES;
				CLANG_ENABLE_OBJC_WEAK = YES;
				CLANG_WARN_BLOCK_CAPTURE_AUTORELEASING = YES;
				CLANG_WARN_BOOL_CONVERSION = YES;
				CLANG_WARN_COMMA = YES;
				CLANG_WARN_CONSTANT_CONVERSION = YES;
				CLANG_WARN_DEPRECATED_OBJC_IMPLEMENTATIONS = YES;
				CLANG_WARN_DIRECT_OBJC_ISA_USAGE = YES_ERROR;
				CLANG_WARN_DOCUMENTATION_COMMENTS = YES;
				CLANG_WARN_EMPTY_BODY = YES;
				CLANG_WARN_ENUM_CONVERSION = YES;
				CLANG_WARN_INFINITE_RECURSION = YES;
				CLANG_WARN_INT_CONVERSION = YES;
				CLANG_WARN_NON_LITERAL_NULL_CONVERSION = YES;
				CLANG_WARN_OBJC_IMPLICIT_RETAIN_SELF = YES;
				CLANG_WARN_OBJC_LITERAL_CONVERSION = YES;
				CLANG_WARN_OBJC_ROOT_CLASS = YES_ERROR;
				CLANG_WARN_RANGE_LOOP_ANALYSIS = YES;
				CLANG_WARN_STRICT_PROTOTYPES = YES;
				CLANG_WARN_SUSPICIOUS_MOVE = YES;
				CLANG_WARN_UNGUARDED_AVAILABILITY = YES_AGGRESSIVE;
				CLANG_WARN_UNREACHABLE_CODE = YES;
				CLANG_WARN__DUPLICATE_METHOD_MATCH = YES;
				COPY_PHASE_STRIP = NO;
				DEBUG_INFORMATION_FORMAT = "dwarf-with-dsym";
				ENABLE_NS_ASSERTIONS = NO;
				ENABLE_STRICT_OBJC_MSGSEND = YES;
				GCC_C_LANGUAGE_STANDARD = gnu11;
				GCC_NO_COMMON_BLOCKS = YES;
				GCC_WARN_64_TO_32_BIT_CONVERSION = YES;
				GCC_WARN_ABOUT_RETURN_TYPE = YES_ERROR;
				GCC_WARN_UNDECLARED_SELECTOR = YES;
				GCC_WARN_UNINITIALIZED_AUTOS = YES_AGGRESSIVE;
				GCC_WARN_UNUSED_FUNCTION = YES;
				GCC_WARN_UNUSED_VARIABLE = YES;
				IPHONEOS_DEPLOYMENT_TARGET = 13.0;
				MTL_ENABLE_DEBUG_INFO = NO;
				MTL_FAST_MATH = YES;
				SDKROOT = iphoneos;
				SWIFT_COMPILATION_MODE = wholemodule;
				SWIFT_OPTIMIZATION_LEVEL = "-O";
				VALIDATE_PRODUCT = YES;
			};
			name = Release;
		};
		771B044B22F2BA7000486D87 /* Debug */ = {
			isa = XCBuildConfiguration;
			buildSettings = {
				ASSETCATALOG_COMPILER_APPICON_NAME = AppIcon;
				CODE_SIGN_STYLE = Automatic;
				DEVELOPMENT_TEAM = G8YZJHWUG2;
				INFOPLIST_FILE = DocScanner/Info.plist;
				LD_RUNPATH_SEARCH_PATHS = (
					"$(inherited)",
					"@executable_path/Frameworks",
				);
				PRODUCT_BUNDLE_IDENTIFIER = com.mallowtech.DocScanner;
				PRODUCT_NAME = "$(TARGET_NAME)";
				SWIFT_OBJC_BRIDGING_HEADER = "DocScanner/DocScanner-Bridging-Header.h";
				SWIFT_VERSION = 5.0;
				TARGETED_DEVICE_FAMILY = "1,2";
			};
			name = Debug;
		};
		771B044C22F2BA7000486D87 /* Release */ = {
			isa = XCBuildConfiguration;
			buildSettings = {
				ASSETCATALOG_COMPILER_APPICON_NAME = AppIcon;
				CODE_SIGN_STYLE = Automatic;
				DEVELOPMENT_TEAM = G8YZJHWUG2;
				INFOPLIST_FILE = DocScanner/Info.plist;
				LD_RUNPATH_SEARCH_PATHS = (
					"$(inherited)",
					"@executable_path/Frameworks",
				);
				PRODUCT_BUNDLE_IDENTIFIER = com.mallowtech.DocScanner;
				PRODUCT_NAME = "$(TARGET_NAME)";
				SWIFT_OBJC_BRIDGING_HEADER = "DocScanner/DocScanner-Bridging-Header.h";
				SWIFT_VERSION = 5.0;
				TARGETED_DEVICE_FAMILY = "1,2";
			};
			name = Release;
		};
/* End XCBuildConfiguration section */

/* Begin XCConfigurationList section */
		771B043122F2BA6F00486D87 /* Build configuration list for PBXProject "DocScanner" */ = {
			isa = XCConfigurationList;
			buildConfigurations = (
				771B044822F2BA7000486D87 /* Debug */,
				771B044922F2BA7000486D87 /* Release */,
			);
			defaultConfigurationIsVisible = 0;
			defaultConfigurationName = Release;
		};
		771B044A22F2BA7000486D87 /* Build configuration list for PBXNativeTarget "DocScanner" */ = {
			isa = XCConfigurationList;
			buildConfigurations = (
				771B044B22F2BA7000486D87 /* Debug */,
				771B044C22F2BA7000486D87 /* Release */,
			);
			defaultConfigurationIsVisible = 0;
			defaultConfigurationName = Release;
		};
/* End XCConfigurationList section */
	};
	rootObject = 771B042E22F2BA6F00486D87 /* Project object */;
}
